
Microsoft Visual Studio Solution File, Format Version 12.00
# Visual Studio Version 17
VisualStudioVersion = 17.14.36518.9
MinimumVisualStudioVersion = 10.0.40219.1
Project("{2150E333-8FDC-42A3-9474-1A3956D46DE8}") = "Task0", "Task0", "{02EA681E-C7D8-13C7-8484-4AC65E1B71E8}"
EndProject
Project("{2150E333-8FDC-42A3-9474-1A3956D46DE8}") = "Task1", "Task1", "{D11E9971-AADF-4A53-989F-77352AA5CE3A}"
EndProject
Project("{FAE04EC0-301F-11D3-BF4B-00C04F79EFBC}") = "Tyuiu.Kucherenkonm.Sprint2.Task0.V26.Lib", "Tyuiu.Kucherenkonm.Sprint2.Task0.V26.Lib\Tyuiu.Kucherenkonm.Sprint2.Task0.V26.Lib.csproj", "{AB703511-C604-479F-940B-543071696F1E}"
EndProject
Project("{FAE04EC0-301F-11D3-BF4B-00C04F79EFBC}") = "Tyuiu.Kucherenkonm.Sprint2.Task0.V26", "Tyuiu.Kucherenkonm.Sprint2.Task0.V26\Tyuiu.Kucherenkonm.Sprint2.Task0.V26.csproj", "{B292F70C-B9A8-4BA3-990C-B6F0DC818C95}"
EndProject
Project("{FAE04EC0-301F-11D3-BF4B-00C04F79EFBC}") = "Tyuiu.Kucherenkonm.Sprint2.Task0.V26.Test", "Tyuiu.Kucherenkonm.Sprint2.Task0.V26.Test\Tyuiu.Kucherenkonm.Sprint2.Task0.V26.Test.csproj", "{C2D04560-1E50-4DA6-8CF4-1442F0819FA0}"
EndProject
Project("{FAE04EC0-301F-11D3-BF4B-00C04F79EFBC}") = "Tyuiu.Kucherenkonm.Sprint2.Task1.V8.Test", "Tyuiu.Kucherenkonm.Sprint2.Task1.V8.Test\Tyuiu.Kucherenkonm.Sprint2.Task1.V8.Test.csproj", "{BB0B9C6F-6895-4C14-94DD-BA600906FC87}"
EndProject
Project("{FAE04EC0-301F-11D3-BF4B-00C04F79EFBC}") = "Tyuiu.Kucherenkonm.Sprint2.Task1.V8", "Tyuiu.Kucherenkonm.Sprint2.Task1.V8\Tyuiu.Kucherenkonm.Sprint2.Task1.V8.csproj", "{46EB521B-7527-48A8-97C7-413B0C2F5FC6}"
EndProject
Project("{FAE04EC0-301F-11D3-BF4B-00C04F79EFBC}") = "Tyuiu.Kucherenkonm.Sprint2.Task1.V8.Lib", "Tyuiu.Kucherenkonm.Sprint2.Task1.V8.Lib\Tyuiu.Kucherenkonm.Sprint2.Task1.V8.Lib.csproj", "{FA247EF8-9000-4A69-9185-8BD9EF77E68A}"
EndProject
Project("{2150E333-8FDC-42A3-9474-1A3956D46DE8}") = "Task2", "Task2", "{B2A1A6C5-FBF6-47F0-B860-C58051BFB979}"
EndProject
Project("{FAE04EC0-301F-11D3-BF4B-00C04F79EFBC}") = "Tyuiu.Kucherenkonm.Sprint2.Task2.V14.Lib", "Tyuiu.Kucherenkonm.Sprint2.Task2.V14.Lib\Tyuiu.Kucherenkonm.Sprint2.Task2.V14.Lib.csproj", "{7C82D248-628D-4398-8402-087948645A0C}"
EndProject
Project("{FAE04EC0-301F-11D3-BF4B-00C04F79EFBC}") = "Tyuiu.Kucherenkonm.Sprint2.Task2.V14", "Tyuiu.Kucherenkonm.Sprint2.Task2.V14\Tyuiu.Kucherenkonm.Sprint2.Task2.V14.csproj", "{9A1E4F4D-67A2-4A6C-B9F5-B0F7605D5697}"
EndProject
Project("{FAE04EC0-301F-11D3-BF4B-00C04F79EFBC}") = "Tyuiu.Kucherenkonm.Sprint2.Task2.V14.Test", "Tyuiu.Kucherenkonm.Sprint2.Task2.V14.Test\Tyuiu.Kucherenkonm.Sprint2.Task2.V14.Test.csproj", "{06F5A0B2-38F6-41BD-A398-61401514873D}"
EndProject
Project("{2150E333-8FDC-42A3-9474-1A3956D46DE8}") = "Task3", "Task3", "{CED7E79A-C702-4B03-BC24-29C16FB46BDB}"
EndProject
Project("{FAE04EC0-301F-11D3-BF4B-00C04F79EFBC}") = "Tyuiu.Kucherenkonm.Sprint2.Task3.V19", "Tyuiu.Kucherenkonm.Sprint2.Task3.V19\Tyuiu.Kucherenkonm.Sprint2.Task3.V19.csproj", "{23A8A3BA-CAF0-4DFB-B2A7-668197D38329}"
EndProject
Project("{FAE04EC0-301F-11D3-BF4B-00C04F79EFBC}") = "Tyuiu.Kucherenkonm.Sprint2.Task3.V19.Test", "Tyuiu.Kucherenkonm.Sprint2.Task3.V19.Test\Tyuiu.Kucherenkonm.Sprint2.Task3.V19.Test.csproj", "{A27432D8-B0CC-42C4-BBF9-B63E2FDD95A1}"
EndProject
Project("{FAE04EC0-301F-11D3-BF4B-00C04F79EFBC}") = "Tyuiu.Kucherenkonm.Sprint2.Task3.V19.Lib", "Tyuiu.Kucherenkonm.Sprint2.Task3.V19.Lib\Tyuiu.Kucherenkonm.Sprint2.Task3.V19.Lib.csproj", "{6DA0236E-38B6-44EC-99B5-1722B5BF610C}"
EndProject
Project("{2150E333-8FDC-42A3-9474-1A3956D46DE8}") = "Task4", "Task4", "{4B6D4C96-E2C8-4C8E-B791-CE924112B28B}"
EndProject
Project("{FAE04EC0-301F-11D3-BF4B-00C04F79EFBC}") = "Tyuiu.Kucherenkonm.Sprint2.Task4.V22", "Tyuiu.Kucherenkonm.Sprint2.Task4.V22\Tyuiu.Kucherenkonm.Sprint2.Task4.V22.csproj", "{B840BA98-66C0-4D72-9977-AD4D500E3E93}"
EndProject
Project("{FAE04EC0-301F-11D3-BF4B-00C04F79EFBC}") = "Tyuiu.Kucherenkonm.Sprint2.Task4.V22.Lib", "Tyuiu.Kucherenkonm.Sprint2.Task4.V22.Lib\Tyuiu.Kucherenkonm.Sprint2.Task4.V22.Lib.csproj", "{E1E2DCAC-0F6C-4A98-ABA6-766F0A736C5B}"
EndProject
Project("{FAE04EC0-301F-11D3-BF4B-00C04F79EFBC}") = "Tyuiu.Kucherenkonm.Sprint2.Task4.V22.Test", "Tyuiu.Kucherenkonm.Sprint2.Task4.V22.Test\Tyuiu.Kucherenkonm.Sprint2.Task4.V22.Test.csproj", "{7347E615-E0AB-4CF7-BB6B-9AD66126CC6C}"
EndProject
Project("{2150E333-8FDC-42A3-9474-1A3956D46DE8}") = "Task5", "Task5", "{25F063AB-32C8-416E-9C07-E32A13E3F4AD}"
EndProject
Project("{FAE04EC0-301F-11D3-BF4B-00C04F79EFBC}") = "Tyuiu.Kucherenkonm.Sprint2.Task5.V15", "Tyuiu.Kucherenkonm.Sprint2.Task5.V15\Tyuiu.Kucherenkonm.Sprint2.Task5.V15.csproj", "{24E9EF28-0759-4007-A1BE-F6F5DBA47D92}"
EndProject
Project("{FAE04EC0-301F-11D3-BF4B-00C04F79EFBC}") = "Tyuiu.Kucherenkonm.Sprint2.Task5.V15.Test", "Tyuiu.Kucherenkonm.Sprint2.Task5.V15.Test\Tyuiu.Kucherenkonm.Sprint2.Task5.V15.Test.csproj", "{928E41E4-3CBE-48C1-A013-39990F338812}"
EndProject
Project("{FAE04EC0-301F-11D3-BF4B-00C04F79EFBC}") = "Tyuiu.Kucherenkonm.Sprint2.Task5.V15.Lib", "Tyuiu.Kucherenkonm.Sprint2.Task5.V15.Lib\Tyuiu.Kucherenkonm.Sprint2.Task5.V15.Lib.csproj", "{4CADC34A-4A74-4009-9530-43C4AD946066}"
EndProject
Global
	GlobalSection(SolutionConfigurationPlatforms) = preSolution
		Debug|Any CPU = Debug|Any CPU
		Release|Any CPU = Release|Any CPU
	EndGlobalSection
	GlobalSection(ProjectConfigurationPlatforms) = postSolution
		{AB703511-C604-479F-940B-543071696F1E}.Debug|Any CPU.ActiveCfg = Debug|Any CPU
		{AB703511-C604-479F-940B-543071696F1E}.Debug|Any CPU.Build.0 = Debug|Any CPU
		{AB703511-C604-479F-940B-543071696F1E}.Release|Any CPU.ActiveCfg = Release|Any CPU
		{AB703511-C604-479F-940B-543071696F1E}.Release|Any CPU.Build.0 = Release|Any CPU
		{B292F70C-B9A8-4BA3-990C-B6F0DC818C95}.Debug|Any CPU.ActiveCfg = Debug|Any CPU
		{B292F70C-B9A8-4BA3-990C-B6F0DC818C95}.Debug|Any CPU.Build.0 = Debug|Any CPU
		{B292F70C-B9A8-4BA3-990C-B6F0DC818C95}.Release|Any CPU.ActiveCfg = Release|Any CPU
		{B292F70C-B9A8-4BA3-990C-B6F0DC818C95}.Release|Any CPU.Build.0 = Release|Any CPU
		{C2D04560-1E50-4DA6-8CF4-1442F0819FA0}.Debug|Any CPU.ActiveCfg = Debug|Any CPU
		{C2D04560-1E50-4DA6-8CF4-1442F0819FA0}.Debug|Any CPU.Build.0 = Debug|Any CPU
		{C2D04560-1E50-4DA6-8CF4-1442F0819FA0}.Release|Any CPU.ActiveCfg = Release|Any CPU
		{C2D04560-1E50-4DA6-8CF4-1442F0819FA0}.Release|Any CPU.Build.0 = Release|Any CPU
		{BB0B9C6F-6895-4C14-94DD-BA600906FC87}.Debug|Any CPU.ActiveCfg = Debug|Any CPU
		{BB0B9C6F-6895-4C14-94DD-BA600906FC87}.Debug|Any CPU.Build.0 = Debug|Any CPU
		{BB0B9C6F-6895-4C14-94DD-BA600906FC87}.Release|Any CPU.ActiveCfg = Release|Any CPU
		{BB0B9C6F-6895-4C14-94DD-BA600906FC87}.Release|Any CPU.Build.0 = Release|Any CPU
		{46EB521B-7527-48A8-97C7-413B0C2F5FC6}.Debug|Any CPU.ActiveCfg = Debug|Any CPU
		{46EB521B-7527-48A8-97C7-413B0C2F5FC6}.Debug|Any CPU.Build.0 = Debug|Any CPU
		{46EB521B-7527-48A8-97C7-413B0C2F5FC6}.Release|Any CPU.ActiveCfg = Release|Any CPU
		{46EB521B-7527-48A8-97C7-413B0C2F5FC6}.Release|Any CPU.Build.0 = Release|Any CPU
		{FA247EF8-9000-4A69-9185-8BD9EF77E68A}.Debug|Any CPU.ActiveCfg = Debug|Any CPU
		{FA247EF8-9000-4A69-9185-8BD9EF77E68A}.Debug|Any CPU.Build.0 = Debug|Any CPU
		{FA247EF8-9000-4A69-9185-8BD9EF77E68A}.Release|Any CPU.ActiveCfg = Release|Any CPU
		{FA247EF8-9000-4A69-9185-8BD9EF77E68A}.Release|Any CPU.Build.0 = Release|Any CPU
		{7C82D248-628D-4398-8402-087948645A0C}.Debug|Any CPU.ActiveCfg = Debug|Any CPU
		{7C82D248-628D-4398-8402-087948645A0C}.Debug|Any CPU.Build.0 = Debug|Any CPU
		{7C82D248-628D-4398-8402-087948645A0C}.Release|Any CPU.ActiveCfg = Release|Any CPU
		{7C82D248-628D-4398-8402-087948645A0C}.Release|Any CPU.Build.0 = Release|Any CPU
		{9A1E4F4D-67A2-4A6C-B9F5-B0F7605D5697}.Debug|Any CPU.ActiveCfg = Debug|Any CPU
		{9A1E4F4D-67A2-4A6C-B9F5-B0F7605D5697}.Debug|Any CPU.Build.0 = Debug|Any CPU
		{9A1E4F4D-67A2-4A6C-B9F5-B0F7605D5697}.Release|Any CPU.ActiveCfg = Release|Any CPU
		{9A1E4F4D-67A2-4A6C-B9F5-B0F7605D5697}.Release|Any CPU.Build.0 = Release|Any CPU
		{06F5A0B2-38F6-41BD-A398-61401514873D}.Debug|Any CPU.ActiveCfg = Debug|Any CPU
		{06F5A0B2-38F6-41BD-A398-61401514873D}.Debug|Any CPU.Build.0 = Debug|Any CPU
		{06F5A0B2-38F6-41BD-A398-61401514873D}.Release|Any CPU.ActiveCfg = Release|Any CPU
		{06F5A0B2-38F6-41BD-A398-61401514873D}.Release|Any CPU.Build.0 = Release|Any CPU
		{23A8A3BA-CAF0-4DFB-B2A7-668197D38329}.Debug|Any CPU.ActiveCfg = Debug|Any CPU
		{23A8A3BA-CAF0-4DFB-B2A7-668197D38329}.Debug|Any CPU.Build.0 = Debug|Any CPU
		{23A8A3BA-CAF0-4DFB-B2A7-668197D38329}.Release|Any CPU.ActiveCfg = Release|Any CPU
		{23A8A3BA-CAF0-4DFB-B2A7-668197D38329}.Release|Any CPU.Build.0 = Release|Any CPU
		{A27432D8-B0CC-42C4-BBF9-B63E2FDD95A1}.Debug|Any CPU.ActiveCfg = Debug|Any CPU
		{A27432D8-B0CC-42C4-BBF9-B63E2FDD95A1}.Debug|Any CPU.Build.0 = Debug|Any CPU
		{A27432D8-B0CC-42C4-BBF9-B63E2FDD95A1}.Release|Any CPU.ActiveCfg = Release|Any CPU
		{A27432D8-B0CC-42C4-BBF9-B63E2FDD95A1}.Release|Any CPU.Build.0 = Release|Any CPU
		{6DA0236E-38B6-44EC-99B5-1722B5BF610C}.Debug|Any CPU.ActiveCfg = Debug|Any CPU
		{6DA0236E-38B6-44EC-99B5-1722B5BF610C}.Debug|Any CPU.Build.0 = Debug|Any CPU
		{6DA0236E-38B6-44EC-99B5-1722B5BF610C}.Release|Any CPU.ActiveCfg = Release|Any CPU
		{6DA0236E-38B6-44EC-99B5-1722B5BF610C}.Release|Any CPU.Build.0 = Release|Any CPU
		{B840BA98-66C0-4D72-9977-AD4D500E3E93}.Debug|Any CPU.ActiveCfg = Debug|Any CPU
		{B840BA98-66C0-4D72-9977-AD4D500E3E93}.Debug|Any CPU.Build.0 = Debug|Any CPU
		{B840BA98-66C0-4D72-9977-AD4D500E3E93}.Release|Any CPU.ActiveCfg = Release|Any CPU
		{B840BA98-66C0-4D72-9977-AD4D500E3E93}.Release|Any CPU.Build.0 = Release|Any CPU
		{E1E2DCAC-0F6C-4A98-ABA6-766F0A736C5B}.Debug|Any CPU.ActiveCfg = Debug|Any CPU
		{E1E2DCAC-0F6C-4A98-ABA6-766F0A736C5B}.Debug|Any CPU.Build.0 = Debug|Any CPU
		{E1E2DCAC-0F6C-4A98-ABA6-766F0A736C5B}.Release|Any CPU.ActiveCfg = Release|Any CPU
		{E1E2DCAC-0F6C-4A98-ABA6-766F0A736C5B}.Release|Any CPU.Build.0 = Release|Any CPU
		{7347E615-E0AB-4CF7-BB6B-9AD66126CC6C}.Debug|Any CPU.ActiveCfg = Debug|Any CPU
		{7347E615-E0AB-4CF7-BB6B-9AD66126CC6C}.Debug|Any CPU.Build.0 = Debug|Any CPU
		{7347E615-E0AB-4CF7-BB6B-9AD66126CC6C}.Release|Any CPU.ActiveCfg = Release|Any CPU
		{7347E615-E0AB-4CF7-BB6B-9AD66126CC6C}.Release|Any CPU.Build.0 = Release|Any CPU
		{24E9EF28-0759-4007-A1BE-F6F5DBA47D92}.Debug|Any CPU.ActiveCfg = Debug|Any CPU
		{24E9EF28-0759-4007-A1BE-F6F5DBA47D92}.Debug|Any CPU.Build.0 = Debug|Any CPU
		{24E9EF28-0759-4007-A1BE-F6F5DBA47D92}.Release|Any CPU.ActiveCfg = Release|Any CPU
		{24E9EF28-0759-4007-A1BE-F6F5DBA47D92}.Release|Any CPU.Build.0 = Release|Any CPU
		{928E41E4-3CBE-48C1-A013-39990F338812}.Debug|Any CPU.ActiveCfg = Debug|Any CPU
		{928E41E4-3CBE-48C1-A013-39990F338812}.Debug|Any CPU.Build.0 = Debug|Any CPU
		{928E41E4-3CBE-48C1-A013-39990F338812}.Release|Any CPU.ActiveCfg = Release|Any CPU
		{928E41E4-3CBE-48C1-A013-39990F338812}.Release|Any CPU.Build.0 = Release|Any CPU
		{4CADC34A-4A74-4009-9530-43C4AD946066}.Debug|Any CPU.ActiveCfg = Debug|Any CPU
		{4CADC34A-4A74-4009-9530-43C4AD946066}.Debug|Any CPU.Build.0 = Debug|Any CPU
		{4CADC34A-4A74-4009-9530-43C4AD946066}.Release|Any CPU.ActiveCfg = Release|Any CPU
		{4CADC34A-4A74-4009-9530-43C4AD946066}.Release|Any CPU.Build.0 = Release|Any CPU
	EndGlobalSection
	GlobalSection(SolutionProperties) = preSolution
		HideSolutionNode = FALSE
	EndGlobalSection
	GlobalSection(NestedProjects) = preSolution
		{AB703511-C604-479F-940B-543071696F1E} = {02EA681E-C7D8-13C7-8484-4AC65E1B71E8}
		{B292F70C-B9A8-4BA3-990C-B6F0DC818C95} = {02EA681E-C7D8-13C7-8484-4AC65E1B71E8}
		{C2D04560-1E50-4DA6-8CF4-1442F0819FA0} = {02EA681E-C7D8-13C7-8484-4AC65E1B71E8}
		{BB0B9C6F-6895-4C14-94DD-BA600906FC87} = {D11E9971-AADF-4A53-989F-77352AA5CE3A}
		{46EB521B-7527-48A8-97C7-413B0C2F5FC6} = {D11E9971-AADF-4A53-989F-77352AA5CE3A}
		{FA247EF8-9000-4A69-9185-8BD9EF77E68A} = {D11E9971-AADF-4A53-989F-77352AA5CE3A}
		{7C82D248-628D-4398-8402-087948645A0C} = {B2A1A6C5-FBF6-47F0-B860-C58051BFB979}
		{9A1E4F4D-67A2-4A6C-B9F5-B0F7605D5697} = {B2A1A6C5-FBF6-47F0-B860-C58051BFB979}
		{06F5A0B2-38F6-41BD-A398-61401514873D} = {B2A1A6C5-FBF6-47F0-B860-C58051BFB979}
		{23A8A3BA-CAF0-4DFB-B2A7-668197D38329} = {CED7E79A-C702-4B03-BC24-29C16FB46BDB}
		{A27432D8-B0CC-42C4-BBF9-B63E2FDD95A1} = {CED7E79A-C702-4B03-BC24-29C16FB46BDB}
		{6DA0236E-38B6-44EC-99B5-1722B5BF610C} = {CED7E79A-C702-4B03-BC24-29C16FB46BDB}
		{B840BA98-66C0-4D72-9977-AD4D500E3E93} = {4B6D4C96-E2C8-4C8E-B791-CE924112B28B}
		{E1E2DCAC-0F6C-4A98-ABA6-766F0A736C5B} = {4B6D4C96-E2C8-4C8E-B791-CE924112B28B}
		{7347E615-E0AB-4CF7-BB6B-9AD66126CC6C} = {4B6D4C96-E2C8-4C8E-B791-CE924112B28B}
		{24E9EF28-0759-4007-A1BE-F6F5DBA47D92} = {25F063AB-32C8-416E-9C07-E32A13E3F4AD}
		{928E41E4-3CBE-48C1-A013-39990F338812} = {25F063AB-32C8-416E-9C07-E32A13E3F4AD}
		{4CADC34A-4A74-4009-9530-43C4AD946066} = {25F063AB-32C8-416E-9C07-E32A13E3F4AD}
	EndGlobalSection
	GlobalSection(ExtensibilityGlobals) = postSolution
		SolutionGuid = {1FF97990-2DF4-4A04-80C9-7F346D562C5E}
	EndGlobalSection
EndGlobal
